Microsoft Visual Studio Solution File, Format Version 11.00
# Visual Studio 2008

Project("{28238E2C-D0EE-4E7E-CD1F-B8A9DD4E93CE}") = "aMAZEvr", "Assembly-CSharp.csproj", "{7B748001-3263-AB4C-0BF8-6EAE5299EDC7}"
EndProject
Project("{28238E2C-D0EE-4E7E-CD1F-B8A9DD4E93CE}") = "aMAZEvr", "Assembly-CSharp-Editor.csproj", "{74DC1FB4-F60E-FA76-D560-31BE32095576}"
EndProject
Global
	GlobalSection(SolutionConfigurationPlatforms) = preSolution
		Debug|Any CPU = Debug|Any CPU
		Release|Any CPU = Release|Any CPU
	EndGlobalSection
	GlobalSection(ProjectConfigurationPlatforms) = postSolution
		{7B748001-3263-AB4C-0BF8-6EAE5299EDC7}.Debug|Any CPU.ActiveCfg = Debug|Any CPU
		{7B748001-3263-AB4C-0BF8-6EAE5299EDC7}.Debug|Any CPU.Build.0 = Debug|Any CPU
		{7B748001-3263-AB4C-0BF8-6EAE5299EDC7}.Release|Any CPU.ActiveCfg = Release|Any CPU
		{7B748001-3263-AB4C-0BF8-6EAE5299EDC7}.Release|Any CPU.Build.0 = Release|Any CPU
		{74DC1FB4-F60E-FA76-D560-31BE32095576}.Debug|Any CPU.ActiveCfg = Debug|Any CPU
		{74DC1FB4-F60E-FA76-D560-31BE32095576}.Debug|Any CPU.Build.0 = Debug|Any CPU
		{74DC1FB4-F60E-FA76-D560-31BE32095576}.Release|Any CPU.ActiveCfg = Release|Any CPU
		{74DC1FB4-F60E-FA76-D560-31BE32095576}.Release|Any CPU.Build.0 = Release|Any CPU
	EndGlobalSection
	GlobalSection(SolutionProperties) = preSolution
		HideSolutionNode = FALSE
	EndGlobalSection
	GlobalSection(MonoDevelopProperties) = preSolution
		StartupItem = Assembly-CSharp.csproj
	EndGlobalSection
EndGlobal
